
Microsoft Visual Studio Solution File, Format Version 12.00
# Visual Studio Version 16
VisualStudioVersion = 16.0.31911.196
MinimumVisualStudioVersion = 10.0.40219.1
Project("{8BC9CEB8-8B4A-11D0-8D11-00A0C91BC942}") = "P1", "P1.vcxproj", "{97D00EDC-B9D8-4B64-8D0F-04783C5241DC}"
EndProject
Global
	GlobalSection(SolutionConfigurationPlatforms) = preSolution
		Debug|x64 = Debug|x64
		Debug|x86 = Debug|x86
		Release|x64 = Release|x64
		Release|x86 = Release|x86
	EndGlobalSection
	GlobalSection(ProjectConfigurationPlatforms) = postSolution
		{97D00EDC-B9D8-4B64-8D0F-04783C5241DC}.Debug|x64.ActiveCfg = Debug|x64
		{97D00EDC-B9D8-4B64-8D0F-04783C5241DC}.Debug|x64.Build.0 = Debug|x64
		{97D00EDC-B9D8-4B64-8D0F-04783C5241DC}.Debug|x86.ActiveCfg = Debug|Win32
		{97D00EDC-B9D8-4B64-8D0F-04783C5241DC}.Debug|x86.Build.0 = Debug|Win32
		{97D00EDC-B9D8-4B64-8D0F-04783C5241DC}.Release|x64.ActiveCfg = Release|x64
		{97D00EDC-B9D8-4B64-8D0F-04783C5241DC}.Release|x64.Build.0 = Release|x64
		{97D00EDC-B9D8-4B64-8D0F-04783C5241DC}.Release|x86.ActiveCfg = Release|Win32
		{97D00EDC-B9D8-4B64-8D0F-04783C5241DC}.Release|x86.Build.0 = Release|Win32
	EndGlobalSection
	GlobalSection(SolutionProperties) = preSolution
		HideSolutionNode = FALSE
	EndGlobalSection
	GlobalSection(ExtensibilityGlobals) = postSolution
		SolutionGuid = {241C2BB0-F209-4696-BF46-3F075178C5B1}
	EndGlobalSection
EndGlobal
